
Microsoft Visual Studio Solution File, Format Version 12.00
# Visual Studio Version 17
VisualStudioVersion = 17.2.32630.192
MinimumVisualStudioVersion = 10.0.40219.1
Project("{9A19103F-16F7-4668-BE54-9A1E7A4F7556}") = "ProjMulherInvisivel", "ProjMulherInvisivel\ProjMulherInvisivel.csproj", "{3BFB1414-2E5E-4A23-A647-3B730DE83D71}"
EndProject
Project("{FAE04EC0-301F-11D3-BF4B-00C04F79EFBC}") = "MulherPart1", "MulherPart1\MulherPart1.csproj", "{61EBC15E-632A-4BBC-A399-E21473CD7205}"
EndProject
Global
	GlobalSection(SolutionConfigurationPlatforms) = preSolution
		Debug|Any CPU = Debug|Any CPU
		Release|Any CPU = Release|Any CPU
	EndGlobalSection
	GlobalSection(ProjectConfigurationPlatforms) = postSolution
		{3BFB1414-2E5E-4A23-A647-3B730DE83D71}.Debug|Any CPU.ActiveCfg = Debug|Any CPU
		{3BFB1414-2E5E-4A23-A647-3B730DE83D71}.Debug|Any CPU.Build.0 = Debug|Any CPU
		{3BFB1414-2E5E-4A23-A647-3B730DE83D71}.Release|Any CPU.ActiveCfg = Release|Any CPU
		{3BFB1414-2E5E-4A23-A647-3B730DE83D71}.Release|Any CPU.Build.0 = Release|Any CPU
		{61EBC15E-632A-4BBC-A399-E21473CD7205}.Debug|Any CPU.ActiveCfg = Debug|Any CPU
		{61EBC15E-632A-4BBC-A399-E21473CD7205}.Debug|Any CPU.Build.0 = Debug|Any CPU
		{61EBC15E-632A-4BBC-A399-E21473CD7205}.Release|Any CPU.ActiveCfg = Release|Any CPU
		{61EBC15E-632A-4BBC-A399-E21473CD7205}.Release|Any CPU.Build.0 = Release|Any CPU
	EndGlobalSection
	GlobalSection(SolutionProperties) = preSolution
		HideSolutionNode = FALSE
	EndGlobalSection
	GlobalSection(ExtensibilityGlobals) = postSolution
		SolutionGuid = {D5E9EACB-714D-41B3-8EDE-9E6452FE9485}
	EndGlobalSection
EndGlobal
